
Microsoft Visual Studio Solution File, Format Version 12.00
Project("{FAE04EC0-301F-11D3-BF4B-00C04F79EFBC}") = "Morales.CompulsoryPetShop.UI", "Morales.CompulsoryPetShop.UI\Morales.CompulsoryPetShop.UI.csproj", "{CDBC9FFB-3162-4102-8956-B2B6B58C09BE}"
EndProject
Project("{2150E333-8FDC-42A3-9474-1A3956D46DE8}") = "Core", "Core", "{AA1D238A-A0AA-4F9B-837D-2D475E9066F7}"
EndProject
Project("{2150E333-8FDC-42A3-9474-1A3956D46DE8}") = "Infrastructure", "Infrastructure", "{19EBC8BC-8213-40A5-B4FA-E031667EF6F8}"
EndProject
Project("{2150E333-8FDC-42A3-9474-1A3956D46DE8}") = "UI", "UI", "{F3DC39E9-887A-47F4-BF0F-A0C475DDFC57}"
EndProject
Project("{FAE04EC0-301F-11D3-BF4B-00C04F79EFBC}") = "Morales.CompulsoryPetShop.Core", "Morales.CompulsoryPetShop.Core\Morales.CompulsoryPetShop.Core.csproj", "{12E04172-8A6C-45FB-976A-12926731AEA9}"
EndProject
Project("{FAE04EC0-301F-11D3-BF4B-00C04F79EFBC}") = "Morales.CompulsoryPetShop.Domain", "Morales.CompulsoryPetShop.Domain\Morales.CompulsoryPetShop.Domain.csproj", "{6C0FFEAE-3615-4CE7-9A04-85B778639D7E}"
EndProject
Project("{FAE04EC0-301F-11D3-BF4B-00C04F79EFBC}") = "Morales.CompulsoryPetShop.Infrastructure", "Morales.CompulsoryPetShop.Infrastructure\Morales.CompulsoryPetShop.Infrastructure.csproj", "{727F999A-F1AE-4FD1-9641-65D6CF6DDDBB}"
EndProject
Global
	GlobalSection(SolutionConfigurationPlatforms) = preSolution
		Debug|Any CPU = Debug|Any CPU
		Release|Any CPU = Release|Any CPU
	EndGlobalSection
	GlobalSection(ProjectConfigurationPlatforms) = postSolution
		{CDBC9FFB-3162-4102-8956-B2B6B58C09BE}.Debug|Any CPU.ActiveCfg = Debug|Any CPU
		{CDBC9FFB-3162-4102-8956-B2B6B58C09BE}.Debug|Any CPU.Build.0 = Debug|Any CPU
		{CDBC9FFB-3162-4102-8956-B2B6B58C09BE}.Release|Any CPU.ActiveCfg = Release|Any CPU
		{CDBC9FFB-3162-4102-8956-B2B6B58C09BE}.Release|Any CPU.Build.0 = Release|Any CPU
		{12E04172-8A6C-45FB-976A-12926731AEA9}.Debug|Any CPU.ActiveCfg = Debug|Any CPU
		{12E04172-8A6C-45FB-976A-12926731AEA9}.Debug|Any CPU.Build.0 = Debug|Any CPU
		{12E04172-8A6C-45FB-976A-12926731AEA9}.Release|Any CPU.ActiveCfg = Release|Any CPU
		{12E04172-8A6C-45FB-976A-12926731AEA9}.Release|Any CPU.Build.0 = Release|Any CPU
		{6C0FFEAE-3615-4CE7-9A04-85B778639D7E}.Debug|Any CPU.ActiveCfg = Debug|Any CPU
		{6C0FFEAE-3615-4CE7-9A04-85B778639D7E}.Debug|Any CPU.Build.0 = Debug|Any CPU
		{6C0FFEAE-3615-4CE7-9A04-85B778639D7E}.Release|Any CPU.ActiveCfg = Release|Any CPU
		{6C0FFEAE-3615-4CE7-9A04-85B778639D7E}.Release|Any CPU.Build.0 = Release|Any CPU
		{727F999A-F1AE-4FD1-9641-65D6CF6DDDBB}.Debug|Any CPU.ActiveCfg = Debug|Any CPU
		{727F999A-F1AE-4FD1-9641-65D6CF6DDDBB}.Debug|Any CPU.Build.0 = Debug|Any CPU
		{727F999A-F1AE-4FD1-9641-65D6CF6DDDBB}.Release|Any CPU.ActiveCfg = Release|Any CPU
		{727F999A-F1AE-4FD1-9641-65D6CF6DDDBB}.Release|Any CPU.Build.0 = Release|Any CPU
	EndGlobalSection
	GlobalSection(NestedProjects) = preSolution
		{12E04172-8A6C-45FB-976A-12926731AEA9} = {AA1D238A-A0AA-4F9B-837D-2D475E9066F7}
		{6C0FFEAE-3615-4CE7-9A04-85B778639D7E} = {AA1D238A-A0AA-4F9B-837D-2D475E9066F7}
		{727F999A-F1AE-4FD1-9641-65D6CF6DDDBB} = {19EBC8BC-8213-40A5-B4FA-E031667EF6F8}
		{CDBC9FFB-3162-4102-8956-B2B6B58C09BE} = {F3DC39E9-887A-47F4-BF0F-A0C475DDFC57}
	EndGlobalSection
EndGlobal
